
Microsoft Visual Studio Solution File, Format Version 12.00
# Visual Studio Version 16
VisualStudioVersion = 16.0.30320.27
MinimumVisualStudioVersion = 10.0.40219.1
Project("{FAE04EC0-301F-11D3-BF4B-00C04F79EFBC}") = "Th_Bot", "Th_Bot\Th_Bot.csproj", "{C65FB6CB-0084-493F-A14F-3AA01529C9A0}"
EndProject
Global
	GlobalSection(SolutionConfigurationPlatforms) = preSolution
		Debug|Any CPU = Debug|Any CPU
		Release|Any CPU = Release|Any CPU
	EndGlobalSection
	GlobalSection(ProjectConfigurationPlatforms) = postSolution
		{C65FB6CB-0084-493F-A14F-3AA01529C9A0}.Debug|Any CPU.ActiveCfg = Debug|Any CPU
		{C65FB6CB-0084-493F-A14F-3AA01529C9A0}.Debug|Any CPU.Build.0 = Debug|Any CPU
		{C65FB6CB-0084-493F-A14F-3AA01529C9A0}.Release|Any CPU.ActiveCfg = Release|Any CPU
		{C65FB6CB-0084-493F-A14F-3AA01529C9A0}.Release|Any CPU.Build.0 = Release|Any CPU
	EndGlobalSection
	GlobalSection(SolutionProperties) = preSolution
		HideSolutionNode = FALSE
	EndGlobalSection
	GlobalSection(ExtensibilityGlobals) = postSolution
		SolutionGuid = {B9854F97-F53A-41DC-8BB6-B4DE825F8F24}
	EndGlobalSection
EndGlobal
